
Microsoft Visual Studio Solution File, Format Version 12.00
# Visual Studio Version 16
VisualStudioVersion = 16.0.30711.63
MinimumVisualStudioVersion = 10.0.40219.1
Project("{8BC9CEB8-8B4A-11D0-8D11-00A0C91BC942}") = "WpadSandboxEscape", "WpadSandboxEscape.vcxproj", "{9606EA0A-9D03-4837-AEBE-8BD14B681D76}"
EndProject
Global
	GlobalSection(SolutionConfigurationPlatforms) = preSolution
		Debug|x64 = Debug|x64
		Debug|x86 = Debug|x86
		Release|x64 = Release|x64
		Release|x86 = Release|x86
	EndGlobalSection
	GlobalSection(ProjectConfigurationPlatforms) = postSolution
		{9606EA0A-9D03-4837-AEBE-8BD14B681D76}.Debug|x64.ActiveCfg = Debug|x64
		{9606EA0A-9D03-4837-AEBE-8BD14B681D76}.Debug|x64.Build.0 = Debug|x64
		{9606EA0A-9D03-4837-AEBE-8BD14B681D76}.Debug|x86.ActiveCfg = Debug|Win32
		{9606EA0A-9D03-4837-AEBE-8BD14B681D76}.Debug|x86.Build.0 = Debug|Win32
		{9606EA0A-9D03-4837-AEBE-8BD14B681D76}.Release|x64.ActiveCfg = Release|x64
		{9606EA0A-9D03-4837-AEBE-8BD14B681D76}.Release|x64.Build.0 = Release|x64
		{9606EA0A-9D03-4837-AEBE-8BD14B681D76}.Release|x86.ActiveCfg = Release|Win32
		{9606EA0A-9D03-4837-AEBE-8BD14B681D76}.Release|x86.Build.0 = Release|Win32
	EndGlobalSection
	GlobalSection(SolutionProperties) = preSolution
		HideSolutionNode = FALSE
	EndGlobalSection
	GlobalSection(ExtensibilityGlobals) = postSolution
		SolutionGuid = {AB1A4D43-34F2-41A9-8EA3-48409022E2D6}
	EndGlobalSection
EndGlobal
